// !$*UTF8*$!
{
	archiveVersion = 1;
	classes = {
	};
	objectVersion = 46;
	objects = {

/* Begin PBXBuildFile section */
		1C262EE98A284CE2B1B1D0E0 /* libPods-OilSavings.a in Frameworks */ = {isa = PBXBuildFile; fileRef = 8FF496F4C7FD48D99EAA02C5 /* libPods-OilSavings.a */; };
		A9014612193BCA66003B826D /* APDuration.m in Sources */ = {isa = PBXBuildFile; fileRef = A9014611193BCA66003B826D /* APDuration.m */; };
		A9014618193BCC00003B826D /* APDistance.m in Sources */ = {isa = PBXBuildFile; fileRef = A9014617193BCC00003B826D /* APDistance.m */; };
		A901461E193BCE36003B826D /* APLine.m in Sources */ = {isa = PBXBuildFile; fileRef = A901461D193BCE36003B826D /* APLine.m */; };
		A9014621193BCFA5003B826D /* APStep.m in Sources */ = {isa = PBXBuildFile; fileRef = A9014620193BCFA5003B826D /* APStep.m */; };
		A9014624193BD486003B826D /* APPath.m in Sources */ = {isa = PBXBuildFile; fileRef = A9014623193BD486003B826D /* APPath.m */; };
		A9014627193BE7AD003B826D /* APGasStation.m in Sources */ = {isa = PBXBuildFile; fileRef = A9014626193BE7AD003B826D /* APGasStation.m */; };
		A901462B193BEE1C003B826D /* CoreLocation.framework in Frameworks */ = {isa = PBXBuildFile; fileRef = A901462A193BEE1C003B826D /* CoreLocation.framework */; };
		A919D0EC1932B7200052A47F /* APEditCarViewController.m in Sources */ = {isa = PBXBuildFile; fileRef = A919D0EB1932B7200052A47F /* APEditCarViewController.m */; };
		A919D0EF1932B8120052A47F /* APAddCarViewController.m in Sources */ = {isa = PBXBuildFile; fileRef = A919D0EE1932B8120052A47F /* APAddCarViewController.m */; };
		A919D0F21932BD900052A47F /* APInfoCarViewController.m in Sources */ = {isa = PBXBuildFile; fileRef = A919D0F11932BD900052A47F /* APInfoCarViewController.m */; };
		A93D9F8A1935500F008B530A /* APTableViewCell.m in Sources */ = {isa = PBXBuildFile; fileRef = A93D9F891935500F008B530A /* APTableViewCell.m */; };
		A93D9F8E193550E0008B530A /* CarCellDesign.xib in Resources */ = {isa = PBXBuildFile; fileRef = A93D9F8D193550E0008B530A /* CarCellDesign.xib */; };
		A94392CE19328DF000439E89 /* SidebarViewController.m in Sources */ = {isa = PBXBuildFile; fileRef = A94392CC19328DF000439E89 /* SidebarViewController.m */; };
		A98D0874192FDC33000DB81D /* Foundation.framework in Frameworks */ = {isa = PBXBuildFile; fileRef = A98D0873192FDC33000DB81D /* Foundation.framework */; };
		A98D0876192FDC33000DB81D /* CoreGraphics.framework in Frameworks */ = {isa = PBXBuildFile; fileRef = A98D0875192FDC33000DB81D /* CoreGraphics.framework */; };
		A98D0878192FDC33000DB81D /* UIKit.framework in Frameworks */ = {isa = PBXBuildFile; fileRef = A98D0877192FDC33000DB81D /* UIKit.framework */; };
		A98D087A192FDC33000DB81D /* CoreData.framework in Frameworks */ = {isa = PBXBuildFile; fileRef = A98D0879192FDC33000DB81D /* CoreData.framework */; };
		A98D0880192FDC33000DB81D /* InfoPlist.strings in Resources */ = {isa = PBXBuildFile; fileRef = A98D087E192FDC33000DB81D /* InfoPlist.strings */; };
		A98D0882192FDC33000DB81D /* main.m in Sources */ = {isa = PBXBuildFile; fileRef = A98D0881192FDC33000DB81D /* main.m */; };
		A98D0886192FDC33000DB81D /* APAppDelegate.m in Sources */ = {isa = PBXBuildFile; fileRef = A98D0885192FDC33000DB81D /* APAppDelegate.m */; };
		A98D0889192FDC33000DB81D /* Main_iPhone.storyboard in Resources */ = {isa = PBXBuildFile; fileRef = A98D0887192FDC33000DB81D /* Main_iPhone.storyboard */; };
		A98D088C192FDC33000DB81D /* Main_iPad.storyboard in Resources */ = {isa = PBXBuildFile; fileRef = A98D088A192FDC33000DB81D /* Main_iPad.storyboard */; };
		A98D088F192FDC33000DB81D /* OilSavings.xcdatamodeld in Sources */ = {isa = PBXBuildFile; fileRef = A98D088D192FDC33000DB81D /* OilSavings.xcdatamodeld */; };
		A98D0897192FDC33000DB81D /* Images.xcassets in Resources */ = {isa = PBXBuildFile; fileRef = A98D0896192FDC33000DB81D /* Images.xcassets */; };
		A98D089E192FDC33000DB81D /* XCTest.framework in Frameworks */ = {isa = PBXBuildFile; fileRef = A98D089D192FDC33000DB81D /* XCTest.framework */; };
		A98D089F192FDC33000DB81D /* Foundation.framework in Frameworks */ = {isa = PBXBuildFile; fileRef = A98D0873192FDC33000DB81D /* Foundation.framework */; };
		A98D08A0192FDC33000DB81D /* UIKit.framework in Frameworks */ = {isa = PBXBuildFile; fileRef = A98D0877192FDC33000DB81D /* UIKit.framework */; };
		A98D08A1192FDC33000DB81D /* CoreData.framework in Frameworks */ = {isa = PBXBuildFile; fileRef = A98D0879192FDC33000DB81D /* CoreData.framework */; };
		A98D08A9192FDC33000DB81D /* InfoPlist.strings in Resources */ = {isa = PBXBuildFile; fileRef = A98D08A7192FDC33000DB81D /* InfoPlist.strings */; };
		A98D08AB192FDC33000DB81D /* OilSavingsTests.m in Sources */ = {isa = PBXBuildFile; fileRef = A98D08AA192FDC33000DB81D /* OilSavingsTests.m */; };
		A99FCCD7193248DF00B26D6A /* car.sqlite in Resources */ = {isa = PBXBuildFile; fileRef = A99FCCD6193248DF00B26D6A /* car.sqlite */; };
		A99FCCDB19327AE300B26D6A /* SWRevealViewController.m in Sources */ = {isa = PBXBuildFile; fileRef = A99FCCDA19327AE300B26D6A /* SWRevealViewController.m */; };
		A99FCCDD19327C7E00B26D6A /* libsqlite3.0.dylib in Frameworks */ = {isa = PBXBuildFile; fileRef = A99FCCDC19327C7E00B26D6A /* libsqlite3.0.dylib */; };
		A99FCCE019327CA400B26D6A /* APMapViewController.m in Sources */ = {isa = PBXBuildFile; fileRef = A99FCCDF19327CA400B26D6A /* APMapViewController.m */; };
		A99FCCE31932823500B26D6A /* menu.png in Resources */ = {isa = PBXBuildFile; fileRef = A99FCCE11932823500B26D6A /* menu.png */; };
		A99FCCE41932823500B26D6A /* menu@2x.png in Resources */ = {isa = PBXBuildFile; fileRef = A99FCCE21932823500B26D6A /* menu@2x.png */; };
		A99FCCE6193284E900B26D6A /* MapKit.framework in Frameworks */ = {isa = PBXBuildFile; fileRef = A99FCCE5193284E900B26D6A /* MapKit.framework */; };
		A9C711711932284B00E8EEF9 /* APCar.m in Sources */ = {isa = PBXBuildFile; fileRef = A9C711701932284B00E8EEF9 /* APCar.m */; };
		A9C711721932284B00E8EEF9 /* APCar.m in Sources */ = {isa = PBXBuildFile; fileRef = A9C711701932284B00E8EEF9 /* APCar.m */; };
		A9C71175193229A300E8EEF9 /* APConstants.m in Sources */ = {isa = PBXBuildFile; fileRef = A9C71174193229A300E8EEF9 /* APConstants.m */; };
		A9C71176193229A300E8EEF9 /* APConstants.m in Sources */ = {isa = PBXBuildFile; fileRef = A9C71174193229A300E8EEF9 /* APConstants.m */; };
		A9CFA2ED193E844100ACCEC5 /* opzioni@2x.png in Resources */ = {isa = PBXBuildFile; fileRef = A9CFA2EC193E844100ACCEC5 /* opzioni@2x.png */; };
		A9CFA2F0193E87FC00ACCEC5 /* APOptionsViewController.m in Sources */ = {isa = PBXBuildFile; fileRef = A9CFA2EF193E87FC00ACCEC5 /* APOptionsViewController.m */; };
		A9CFA2F2193E8B0200ACCEC5 /* carIcon@2x.png in Resources */ = {isa = PBXBuildFile; fileRef = A9CFA2F1193E8B0200ACCEC5 /* carIcon@2x.png */; };
		A9EA15C419577A6300CF4446 /* marker_blue@2x.png in Resources */ = {isa = PBXBuildFile; fileRef = A9EA15C319577A6300CF4446 /* marker_blue@2x.png */; };
		A9EA15C61957A55800CF4446 /* logo_im@2x.png in Resources */ = {isa = PBXBuildFile; fileRef = A9EA15C51957A55800CF4446 /* logo_im@2x.png */; };
		A9EA15C81957AA9400CF4446 /* list_gas_stations@2x.png in Resources */ = {isa = PBXBuildFile; fileRef = A9EA15C71957AA9400CF4446 /* list_gas_stations@2x.png */; };
		A9EA15CA1957AB0900CF4446 /* location@2x.png in Resources */ = {isa = PBXBuildFile; fileRef = A9EA15C91957AB0900CF4446 /* location@2x.png */; };
		A9F7C44C193E5F960092FCA2 /* marker@2x.png in Resources */ = {isa = PBXBuildFile; fileRef = A9F7C44B193E5F960092FCA2 /* marker@2x.png */; };
		A9F7C473193E614F0092FCA2 /* logo_ag@2x.png in Resources */ = {isa = PBXBuildFile; fileRef = A9F7C44F193E614F0092FCA2 /* logo_ag@2x.png */; };
		A9F7C474193E614F0092FCA2 /* logo_ap@2x.png in Resources */ = {isa = PBXBuildFile; fileRef = A9F7C450193E614F0092FCA2 /* logo_ap@2x.png */; };
		A9F7C475193E614F0092FCA2 /* logo_aq@2x.png in Resources */ = {isa = PBXBuildFile; fileRef = A9F7C451193E614F0092FCA2 /* logo_aq@2x.png */; };
		A9F7C476193E614F0092FCA2 /* logo_ar@2x.png in Resources */ = {isa = PBXBuildFile; fileRef = A9F7C452193E614F0092FCA2 /* logo_ar@2x.png */; };
		A9F7C477193E614F0092FCA2 /* logo_au@2x.png in Resources */ = {isa = PBXBuildFile; fileRef = A9F7C453193E614F0092FCA2 /* logo_au@2x.png */; };
		A9F7C478193E614F0092FCA2 /* logo_be@2x.png in Resources */ = {isa = PBXBuildFile; fileRef = A9F7C454193E614F0092FCA2 /* logo_be@2x.png */; };
		A9F7C479193E614F0092FCA2 /* logo_bz@2x.png in Resources */ = {isa = PBXBuildFile; fileRef = A9F7C455193E614F0092FCA2 /* logo_bz@2x.png */; };
		A9F7C47A193E614F0092FCA2 /* logo_cf@2x.png in Resources */ = {isa = PBXBuildFile; fileRef = A9F7C456193E614F0092FCA2 /* logo_cf@2x.png */; };
		A9F7C47B193E614F0092FCA2 /* logo_cl@2x.png in Resources */ = {isa = PBXBuildFile; fileRef = A9F7C457193E614F0092FCA2 /* logo_cl@2x.png */; };
		A9F7C47C193E614F0092FCA2 /* logo_eg@2x.png in Resources */ = {isa = PBXBuildFile; fileRef = A9F7C458193E614F0092FCA2 /* logo_eg@2x.png */; };
		A9F7C47D193E614F0092FCA2 /* logo_er@2x.png in Resources */ = {isa = PBXBuildFile; fileRef = A9F7C459193E614F0092FCA2 /* logo_er@2x.png */; };
		A9F7C47E193E614F0092FCA2 /* logo_es@2x.png in Resources */ = {isa = PBXBuildFile; fileRef = A9F7C45A193E614F0092FCA2 /* logo_es@2x.png */; };
		A9F7C47F193E614F0092FCA2 /* logo_ey@2x.png in Resources */ = {isa = PBXBuildFile; fileRef = A9F7C45B193E614F0092FCA2 /* logo_ey@2x.png */; };
		A9F7C480193E614F0092FCA2 /* logo_f2@2x.png in Resources */ = {isa = PBXBuildFile; fileRef = A9F7C45C193E614F0092FCA2 /* logo_f2@2x.png */; };
		A9F7C481193E614F0092FCA2 /* logo_h6@2x.png in Resources */ = {isa = PBXBuildFile; fileRef = A9F7C45D193E614F0092FCA2 /* logo_h6@2x.png */; };
		A9F7C482193E614F0092FCA2 /* logo_ie@2x.png in Resources */ = {isa = PBXBuildFile; fileRef = A9F7C45E193E614F0092FCA2 /* logo_ie@2x.png */; };
		A9F7C483193E614F0092FCA2 /* logo_in@2x.png in Resources */ = {isa = PBXBuildFile; fileRef = A9F7C45F193E614F0092FCA2 /* logo_in@2x.png */; };
		A9F7C484193E614F0092FCA2 /* logo_ip@2x.png in Resources */ = {isa = PBXBuildFile; fileRef = A9F7C460193E614F0092FCA2 /* logo_ip@2x.png */; };
		A9F7C485193E614F0092FCA2 /* logo_is@2x.png in Resources */ = {isa = PBXBuildFile; fileRef = A9F7C461193E614F0092FCA2 /* logo_is@2x.png */; };
		A9F7C486193E614F0092FCA2 /* logo_kt@2x.png in Resources */ = {isa = PBXBuildFile; fileRef = A9F7C462193E614F0092FCA2 /* logo_kt@2x.png */; };
		A9F7C487193E614F0092FCA2 /* logo_lt@2x.png in Resources */ = {isa = PBXBuildFile; fileRef = A9F7C463193E614F0092FCA2 /* logo_lt@2x.png */; };
		A9F7C488193E614F0092FCA2 /* logo_mi@2x.png in Resources */ = {isa = PBXBuildFile; fileRef = A9F7C464193E614F0092FCA2 /* logo_mi@2x.png */; };
		A9F7C489193E614F0092FCA2 /* logo_om@2x.png in Resources */ = {isa = PBXBuildFile; fileRef = A9F7C465193E614F0092FCA2 /* logo_om@2x.png */; };
		A9F7C48A193E614F0092FCA2 /* logo_pe@2x.png in Resources */ = {isa = PBXBuildFile; fileRef = A9F7C466193E614F0092FCA2 /* logo_pe@2x.png */; };
		A9F7C48B193E614F0092FCA2 /* logo_q8@2x.png in Resources */ = {isa = PBXBuildFile; fileRef = A9F7C467193E614F0092FCA2 /* logo_q8@2x.png */; };
		A9F7C48C193E614F0092FCA2 /* logo_qe@2x.png in Resources */ = {isa = PBXBuildFile; fileRef = A9F7C468193E614F0092FCA2 /* logo_qe@2x.png */; };
		A9F7C48D193E614F0092FCA2 /* logo_re@2x.png in Resources */ = {isa = PBXBuildFile; fileRef = A9F7C469193E614F0092FCA2 /* logo_re@2x.png */; };
		A9F7C48E193E614F0092FCA2 /* logo_sf@2x.png in Resources */ = {isa = PBXBuildFile; fileRef = A9F7C46A193E614F0092FCA2 /* logo_sf@2x.png */; };
		A9F7C48F193E614F0092FCA2 /* logo_sh@2x.png in Resources */ = {isa = PBXBuildFile; fileRef = A9F7C46B193E614F0092FCA2 /* logo_sh@2x.png */; };
		A9F7C490193E614F0092FCA2 /* logo_sm@2x.png in Resources */ = {isa = PBXBuildFile; fileRef = A9F7C46C193E614F0092FCA2 /* logo_sm@2x.png */; };
		A9F7C491193E614F0092FCA2 /* logo_sp@2x.png in Resources */ = {isa = PBXBuildFile; fileRef = A9F7C46D193E614F0092FCA2 /* logo_sp@2x.png */; };
		A9F7C492193E614F0092FCA2 /* logo_t2@2x.png in Resources */ = {isa = PBXBuildFile; fileRef = A9F7C46E193E614F0092FCA2 /* logo_t2@2x.png */; };
		A9F7C493193E614F0092FCA2 /* logo_t7@2x.png in Resources */ = {isa = PBXBuildFile; fileRef = A9F7C46F193E614F0092FCA2 /* logo_t7@2x.png */; };
		A9F7C494193E614F0092FCA2 /* logo_ta@2x.png in Resources */ = {isa = PBXBuildFile; fileRef = A9F7C470193E614F0092FCA2 /* logo_ta@2x.png */; };
		A9F7C495193E614F0092FCA2 /* logo_te@2x.png in Resources */ = {isa = PBXBuildFile; fileRef = A9F7C471193E614F0092FCA2 /* logo_te@2x.png */; };
		A9F7C496193E614F0092FCA2 /* logo_to@2x.png in Resources */ = {isa = PBXBuildFile; fileRef = A9F7C472193E614F0092FCA2 /* logo_to@2x.png */; };
		A9F7C498193E64640092FCA2 /* marker_mid@2x.png in Resources */ = {isa = PBXBuildFile; fileRef = A9F7C497193E64640092FCA2 /* marker_mid@2x.png */; };
		A9FC5057193C70D900C883B7 /* MKMapView+ZoomLevel.m in Sources */ = {isa = PBXBuildFile; fileRef = A9FC5056193C70D900C883B7 /* MKMapView+ZoomLevel.m */; };
		A9FC505D193C786800C883B7 /* APGasStationClient.m in Sources */ = {isa = PBXBuildFile; fileRef = A9FC505C193C786800C883B7 /* APGasStationClient.m */; };
		A9FC507C193CDC4E00C883B7 /* APGSAnnotation.m in Sources */ = {isa = PBXBuildFile; fileRef = A9FC507B193CDC4E00C883B7 /* APGSAnnotation.m */; };
		A9FC965C19432C780067875B /* APGeocodeClient.m in Sources */ = {isa = PBXBuildFile; fileRef = A9FC965B19432C780067875B /* APGeocodeClient.m */; };
		A9FC966219434EC40067875B /* APDirectionsClient.m in Sources */ = {isa = PBXBuildFile; fileRef = A9FC966119434EC40067875B /* APDirectionsClient.m */; };
		A9FC966519434FD80067875B /* APPathOptimizer.m in Sources */ = {isa = PBXBuildFile; fileRef = A9FC966419434FD80067875B /* APPathOptimizer.m */; };
/* End PBXBuildFile section */

/* Begin PBXContainerItemProxy section */
		A98D08A2192FDC33000DB81D /* PBXContainerItemProxy */ = {
			isa = PBXContainerItemProxy;
			containerPortal = A98D0868192FDC33000DB81D /* Project object */;
			proxyType = 1;
			remoteGlobalIDString = A98D086F192FDC33000DB81D;
			remoteInfo = OilSavings;
		};
/* End PBXContainerItemProxy section */

/* Begin PBXFileReference section */
		8FF496F4C7FD48D99EAA02C5 /* libPods-OilSavings.a */ = {isa = PBXFileReference; explicitFileType = archive.ar; includeInIndex = 0; path = "libPods-OilSavings.a"; sourceTree = BUILT_PRODUCTS_DIR; };
		A9014610193BCA66003B826D /* APDuration.h */ = {isa = PBXFileReference; fileEncoding = 4; lastKnownFileType = sourcecode.c.h; path = APDuration.h; sourceTree = "<group>"; };
		A9014611193BCA66003B826D /* APDuration.m */ = {isa = PBXFileReference; fileEncoding = 4; lastKnownFileType = sourcecode.c.objc; path = APDuration.m; sourceTree = "<group>"; };
		A9014616193BCC00003B826D /* APDistance.h */ = {isa = PBXFileReference; fileEncoding = 4; lastKnownFileType = sourcecode.c.h; path = APDistance.h; sourceTree = "<group>"; };
		A9014617193BCC00003B826D /* APDistance.m */ = {isa = PBXFileReference; fileEncoding = 4; lastKnownFileType = sourcecode.c.objc; path = APDistance.m; sourceTree = "<group>"; };
		A901461C193BCE36003B826D /* APLine.h */ = {isa = PBXFileReference; fileEncoding = 4; lastKnownFileType = sourcecode.c.h; path = APLine.h; sourceTree = "<group>"; };
		A901461D193BCE36003B826D /* APLine.m */ = {isa = PBXFileReference; fileEncoding = 4; lastKnownFileType = sourcecode.c.objc; path = APLine.m; sourceTree = "<group>"; };
		A901461F193BCFA5003B826D /* APStep.h */ = {isa = PBXFileReference; fileEncoding = 4; lastKnownFileType = sourcecode.c.h; path = APStep.h; sourceTree = "<group>"; };
		A9014620193BCFA5003B826D /* APStep.m */ = {isa = PBXFileReference; fileEncoding = 4; lastKnownFileType = sourcecode.c.objc; path = APStep.m; sourceTree = "<group>"; };
		A9014622193BD486003B826D /* APPath.h */ = {isa = PBXFileReference; fileEncoding = 4; lastKnownFileType = sourcecode.c.h; path = APPath.h; sourceTree = "<group>"; };
		A9014623193BD486003B826D /* APPath.m */ = {isa = PBXFileReference; fileEncoding = 4; lastKnownFileType = sourcecode.c.objc; path = APPath.m; sourceTree = "<group>"; };
		A9014625193BE7AD003B826D /* APGasStation.h */ = {isa = PBXFileReference; fileEncoding = 4; lastKnownFileType = sourcecode.c.h; path = APGasStation.h; sourceTree = "<group>"; };
		A9014626193BE7AD003B826D /* APGasStation.m */ = {isa = PBXFileReference; fileEncoding = 4; lastKnownFileType = sourcecode.c.objc; path = APGasStation.m; sourceTree = "<group>"; };
		A901462A193BEE1C003B826D /* CoreLocation.framework */ = {isa = PBXFileReference; lastKnownFileType = wrapper.framework; name = CoreLocation.framework; path = System/Library/Frameworks/CoreLocation.framework; sourceTree = SDKROOT; };
		A919D0EA1932B7200052A47F /* APEditCarViewController.h */ = {isa = PBXFileReference; fileEncoding = 4; lastKnownFileType = sourcecode.c.h; path = APEditCarViewController.h; sourceTree = "<group>"; };
		A919D0EB1932B7200052A47F /* APEditCarViewController.m */ = {isa = PBXFileReference; fileEncoding = 4; lastKnownFileType = sourcecode.c.objc; path = APEditCarViewController.m; sourceTree = "<group>"; };
		A919D0ED1932B8120052A47F /* APAddCarViewController.h */ = {isa = PBXFileReference; fileEncoding = 4; lastKnownFileType = sourcecode.c.h; path = APAddCarViewController.h; sourceTree = "<group>"; };
		A919D0EE1932B8120052A47F /* APAddCarViewController.m */ = {isa = PBXFileReference; fileEncoding = 4; lastKnownFileType = sourcecode.c.objc; path = APAddCarViewController.m; sourceTree = "<group>"; };
		A919D0F01932BD900052A47F /* APInfoCarViewController.h */ = {isa = PBXFileReference; fileEncoding = 4; lastKnownFileType = sourcecode.c.h; path = APInfoCarViewController.h; sourceTree = "<group>"; };
		A919D0F11932BD900052A47F /* APInfoCarViewController.m */ = {isa = PBXFileReference; fileEncoding = 4; lastKnownFileType = sourcecode.c.objc; path = APInfoCarViewController.m; sourceTree = "<group>"; };
		A93D9F881935500F008B530A /* APTableViewCell.h */ = {isa = PBXFileReference; fileEncoding = 4; lastKnownFileType = sourcecode.c.h; path = APTableViewCell.h; sourceTree = "<group>"; };
		A93D9F891935500F008B530A /* APTableViewCell.m */ = {isa = PBXFileReference; fileEncoding = 4; lastKnownFileType = sourcecode.c.objc; path = APTableViewCell.m; sourceTree = "<group>"; };
		A93D9F8D193550E0008B530A /* CarCellDesign.xib */ = {isa = PBXFileReference; fileEncoding = 4; lastKnownFileType = file.xib; path = CarCellDesign.xib; sourceTree = "<group>"; };
		A94392CC19328DF000439E89 /* SidebarViewController.m */ = {isa = PBXFileReference; fileEncoding = 4; lastKnownFileType = sourcecode.c.objc; path = SidebarViewController.m; sourceTree = "<group>"; };
		A94392CD19328DF000439E89 /* SidebarViewController.h */ = {isa = PBXFileReference; fileEncoding = 4; lastKnownFileType = sourcecode.c.h; path = SidebarViewController.h; sourceTree = "<group>"; };
		A98D0870192FDC33000DB81D /* OilSavings.app */ = {isa = PBXFileReference; explicitFileType = wrapper.application; includeInIndex = 0; path = OilSavings.app; sourceTree = BUILT_PRODUCTS_DIR; };
		A98D0873192FDC33000DB81D /* Foundation.framework */ = {isa = PBXFileReference; lastKnownFileType = wrapper.framework; name = Foundation.framework; path = System/Library/Frameworks/Foundation.framework; sourceTree = SDKROOT; };
		A98D0875192FDC33000DB81D /* CoreGraphics.framework */ = {isa = PBXFileReference; lastKnownFileType = wrapper.framework; name = CoreGraphics.framework; path = System/Library/Frameworks/CoreGraphics.framework; sourceTree = SDKROOT; };
		A98D0877192FDC33000DB81D /* UIKit.framework */ = {isa = PBXFileReference; lastKnownFileType = wrapper.framework; name = UIKit.framework; path = System/Library/Frameworks/UIKit.framework; sourceTree = SDKROOT; };
		A98D0879192FDC33000DB81D /* CoreData.framework */ = {isa = PBXFileReference; lastKnownFileType = wrapper.framework; name = CoreData.framework; path = System/Library/Frameworks/CoreData.framework; sourceTree = SDKROOT; };
		A98D087D192FDC33000DB81D /* OilSavings-Info.plist */ = {isa = PBXFileReference; lastKnownFileType = text.plist.xml; path = "OilSavings-Info.plist"; sourceTree = "<group>"; };
		A98D087F192FDC33000DB81D /* en */ = {isa = PBXFileReference; lastKnownFileType = text.plist.strings; name = en; path = en.lproj/InfoPlist.strings; sourceTree = "<group>"; };
		A98D0881192FDC33000DB81D /* main.m */ = {isa = PBXFileReference; lastKnownFileType = sourcecode.c.objc; path = main.m; sourceTree = "<group>"; };
		A98D0883192FDC33000DB81D /* OilSavings-Prefix.pch */ = {isa = PBXFileReference; lastKnownFileType = sourcecode.c.h; path = "OilSavings-Prefix.pch"; sourceTree = "<group>"; };
		A98D0884192FDC33000DB81D /* APAppDelegate.h */ = {isa = PBXFileReference; lastKnownFileType = sourcecode.c.h; path = APAppDelegate.h; sourceTree = "<group>"; };
		A98D0885192FDC33000DB81D /* APAppDelegate.m */ = {isa = PBXFileReference; lastKnownFileType = sourcecode.c.objc; path = APAppDelegate.m; sourceTree = "<group>"; };
		A98D0888192FDC33000DB81D /* Base */ = {isa = PBXFileReference; lastKnownFileType = file.storyboard; name = Base; path = Base.lproj/Main_iPhone.storyboard; sourceTree = "<group>"; };
		A98D088B192FDC33000DB81D /* Base */ = {isa = PBXFileReference; lastKnownFileType = file.storyboard; name = Base; path = Base.lproj/Main_iPad.storyboard; sourceTree = "<group>"; };
		A98D088E192FDC33000DB81D /* OilSavings.xcdatamodel */ = {isa = PBXFileReference; lastKnownFileType = wrapper.xcdatamodel; path = OilSavings.xcdatamodel; sourceTree = "<group>"; };
		A98D0896192FDC33000DB81D /* Images.xcassets */ = {isa = PBXFileReference; lastKnownFileType = folder.assetcatalog; path = Images.xcassets; sourceTree = "<group>"; };
		A98D089C192FDC33000DB81D /* OilSavingsTests.xctest */ = {isa = PBXFileReference; explicitFileType = wrapper.cfbundle; includeInIndex = 0; path = OilSavingsTests.xctest; sourceTree = BUILT_PRODUCTS_DIR; };
		A98D089D192FDC33000DB81D /* XCTest.framework */ = {isa = PBXFileReference; lastKnownFileType = wrapper.framework; name = XCTest.framework; path = Library/Frameworks/XCTest.framework; sourceTree = DEVELOPER_DIR; };
		A98D08A6192FDC33000DB81D /* OilSavingsTests-Info.plist */ = {isa = PBXFileReference; lastKnownFileType = text.plist.xml; path = "OilSavingsTests-Info.plist"; sourceTree = "<group>"; };
		A98D08A8192FDC33000DB81D /* en */ = {isa = PBXFileReference; lastKnownFileType = text.plist.strings; name = en; path = en.lproj/InfoPlist.strings; sourceTree = "<group>"; };
		A98D08AA192FDC33000DB81D /* OilSavingsTests.m */ = {isa = PBXFileReference; lastKnownFileType = sourcecode.c.objc; path = OilSavingsTests.m; sourceTree = "<group>"; };
		A99FCCD1193246C300B26D6A /* libsqlite3.dylib */ = {isa = PBXFileReference; lastKnownFileType = "compiled.mach-o.dylib"; name = libsqlite3.dylib; path = usr/lib/libsqlite3.dylib; sourceTree = SDKROOT; };
		A99FCCD6193248DF00B26D6A /* car.sqlite */ = {isa = PBXFileReference; lastKnownFileType = file; path = car.sqlite; sourceTree = "<group>"; };
		A99FCCD919327AE300B26D6A /* SWRevealViewController.h */ = {isa = PBXFileReference; fileEncoding = 4; lastKnownFileType = sourcecode.c.h; path = SWRevealViewController.h; sourceTree = "<group>"; };
		A99FCCDA19327AE300B26D6A /* SWRevealViewController.m */ = {isa = PBXFileReference; fileEncoding = 4; lastKnownFileType = sourcecode.c.objc; path = SWRevealViewController.m; sourceTree = "<group>"; };
		A99FCCDC19327C7E00B26D6A /* libsqlite3.0.dylib */ = {isa = PBXFileReference; lastKnownFileType = "compiled.mach-o.dylib"; name = libsqlite3.0.dylib; path = usr/lib/libsqlite3.0.dylib; sourceTree = SDKROOT; };
		A99FCCDE19327CA300B26D6A /* APMapViewController.h */ = {isa = PBXFileReference; fileEncoding = 4; lastKnownFileType = sourcecode.c.h; path = APMapViewController.h; sourceTree = "<group>"; };
		A99FCCDF19327CA400B26D6A /* APMapViewController.m */ = {isa = PBXFileReference; fileEncoding = 4; lastKnownFileType = sourcecode.c.objc; path = APMapViewController.m; sourceTree = "<group>"; };
		A99FCCE11932823500B26D6A /* menu.png */ = {isa = PBXFileReference; lastKnownFileType = image.png; name = menu.png; path = ../../../../Downloads/SidebarDemo/SidebarDemo/menu.png; sourceTree = "<group>"; };
		A99FCCE21932823500B26D6A /* menu@2x.png */ = {isa = PBXFileReference; lastKnownFileType = image.png; name = "menu@2x.png"; path = "../../../../Downloads/SidebarDemo/SidebarDemo/menu@2x.png"; sourceTree = "<group>"; };
		A99FCCE5193284E900B26D6A /* MapKit.framework */ = {isa = PBXFileReference; lastKnownFileType = wrapper.framework; name = MapKit.framework; path = System/Library/Frameworks/MapKit.framework; sourceTree = SDKROOT; };
		A9C7116F1932284B00E8EEF9 /* APCar.h */ = {isa = PBXFileReference; fileEncoding = 4; lastKnownFileType = sourcecode.c.h; path = APCar.h; sourceTree = "<group>"; };
		A9C711701932284B00E8EEF9 /* APCar.m */ = {isa = PBXFileReference; fileEncoding = 4; lastKnownFileType = sourcecode.c.objc; path = APCar.m; sourceTree = "<group>"; };
		A9C71173193229A300E8EEF9 /* APConstants.h */ = {isa = PBXFileReference; fileEncoding = 4; lastKnownFileType = sourcecode.c.h; path = APConstants.h; sourceTree = "<group>"; };
		A9C71174193229A300E8EEF9 /* APConstants.m */ = {isa = PBXFileReference; fileEncoding = 4; lastKnownFileType = sourcecode.c.objc; path = APConstants.m; sourceTree = "<group>"; };
		A9CFA2EC193E844100ACCEC5 /* opzioni@2x.png */ = {isa = PBXFileReference; lastKnownFileType = image.png; path = "opzioni@2x.png"; sourceTree = "<group>"; };
		A9CFA2EE193E87FC00ACCEC5 /* APOptionsViewController.h */ = {isa = PBXFileReference; fileEncoding = 4; lastKnownFileType = sourcecode.c.h; path = APOptionsViewController.h; sourceTree = "<group>"; };
		A9CFA2EF193E87FC00ACCEC5 /* APOptionsViewController.m */ = {isa = PBXFileReference; fileEncoding = 4; lastKnownFileType = sourcecode.c.objc; path = APOptionsViewController.m; sourceTree = "<group>"; };
		A9CFA2F1193E8B0200ACCEC5 /* carIcon@2x.png */ = {isa = PBXFileReference; lastKnownFileType = image.png; path = "carIcon@2x.png"; sourceTree = "<group>"; };
		A9EA15C319577A6300CF4446 /* marker_blue@2x.png */ = {isa = PBXFileReference; lastKnownFileType = image.png; path = "marker_blue@2x.png"; sourceTree = "<group>"; };
		A9EA15C51957A55800CF4446 /* logo_im@2x.png */ = {isa = PBXFileReference; lastKnownFileType = image.png; path = "logo_im@2x.png"; sourceTree = "<group>"; };
		A9EA15C71957AA9400CF4446 /* list_gas_stations@2x.png */ = {isa = PBXFileReference; lastKnownFileType = image.png; path = "list_gas_stations@2x.png"; sourceTree = "<group>"; };
		A9EA15C91957AB0900CF4446 /* location@2x.png */ = {isa = PBXFileReference; lastKnownFileType = image.png; path = "location@2x.png"; sourceTree = "<group>"; };
		A9F7C44B193E5F960092FCA2 /* marker@2x.png */ = {isa = PBXFileReference; lastKnownFileType = image.png; path = "marker@2x.png"; sourceTree = "<group>"; };
		A9F7C44F193E614F0092FCA2 /* logo_ag@2x.png */ = {isa = PBXFileReference; lastKnownFileType = image.png; path = "logo_ag@2x.png"; sourceTree = "<group>"; };
		A9F7C450193E614F0092FCA2 /* logo_ap@2x.png */ = {isa = PBXFileReference; lastKnownFileType = image.png; path = "logo_ap@2x.png"; sourceTree = "<group>"; };
		A9F7C451193E614F0092FCA2 /* logo_aq@2x.png */ = {isa = PBXFileReference; lastKnownFileType = image.png; path = "logo_aq@2x.png"; sourceTree = "<group>"; };
		A9F7C452193E614F0092FCA2 /* logo_ar@2x.png */ = {isa = PBXFileReference; lastKnownFileType = image.png; path = "logo_ar@2x.png"; sourceTree = "<group>"; };
		A9F7C453193E614F0092FCA2 /* logo_au@2x.png */ = {isa = PBXFileReference; lastKnownFileType = image.png; path = "logo_au@2x.png"; sourceTree = "<group>"; };
		A9F7C454193E614F0092FCA2 /* logo_be@2x.png */ = {isa = PBXFileReference; lastKnownFileType = image.png; path = "logo_be@2x.png"; sourceTree = "<group>"; };
		A9F7C455193E614F0092FCA2 /* logo_bz@2x.png */ = {isa = PBXFileReference; lastKnownFileType = image.png; path = "logo_bz@2x.png"; sourceTree = "<group>"; };
		A9F7C456193E614F0092FCA2 /* logo_cf@2x.png */ = {isa = PBXFileReference; lastKnownFileType = image.png; path = "logo_cf@2x.png"; sourceTree = "<group>"; };
		A9F7C457193E614F0092FCA2 /* logo_cl@2x.png */ = {isa = PBXFileReference; lastKnownFileType = image.png; path = "logo_cl@2x.png"; sourceTree = "<group>"; };
		A9F7C458193E614F0092FCA2 /* logo_eg@2x.png */ = {isa = PBXFileReference; lastKnownFileType = image.png; path = "logo_eg@2x.png"; sourceTree = "<group>"; };
		A9F7C459193E614F0092FCA2 /* logo_er@2x.png */ = {isa = PBXFileReference; lastKnownFileType = image.png; path = "logo_er@2x.png"; sourceTree = "<group>"; };
		A9F7C45A193E614F0092FCA2 /* logo_es@2x.png */ = {isa = PBXFileReference; lastKnownFileType = image.png; path = "logo_es@2x.png"; sourceTree = "<group>"; };
		A9F7C45B193E614F0092FCA2 /* logo_ey@2x.png */ = {isa = PBXFileReference; lastKnownFileType = image.png; path = "logo_ey@2x.png"; sourceTree = "<group>"; };
		A9F7C45C193E614F0092FCA2 /* logo_f2@2x.png */ = {isa = PBXFileReference; lastKnownFileType = image.png; path = "logo_f2@2x.png"; sourceTree = "<group>"; };
		A9F7C45D193E614F0092FCA2 /* logo_h6@2x.png */ = {isa = PBXFileReference; lastKnownFileType = image.png; path = "logo_h6@2x.png"; sourceTree = "<group>"; };
		A9F7C45E193E614F0092FCA2 /* logo_ie@2x.png */ = {isa = PBXFileReference; lastKnownFileType = image.png; path = "logo_ie@2x.png"; sourceTree = "<group>"; };
		A9F7C45F193E614F0092FCA2 /* logo_in@2x.png */ = {isa = PBXFileReference; lastKnownFileType = image.png; path = "logo_in@2x.png"; sourceTree = "<group>"; };
		A9F7C460193E614F0092FCA2 /* logo_ip@2x.png */ = {isa = PBXFileReference; lastKnownFileType = image.png; path = "logo_ip@2x.png"; sourceTree = "<group>"; };
		A9F7C461193E614F0092FCA2 /* logo_is@2x.png */ = {isa = PBXFileReference; lastKnownFileType = image.png; path = "logo_is@2x.png"; sourceTree = "<group>"; };
		A9F7C462193E614F0092FCA2 /* logo_kt@2x.png */ = {isa = PBXFileReference; lastKnownFileType = image.png; path = "logo_kt@2x.png"; sourceTree = "<group>"; };
		A9F7C463193E614F0092FCA2 /* logo_lt@2x.png */ = {isa = PBXFileReference; lastKnownFileType = image.png; path = "logo_lt@2x.png"; sourceTree = "<group>"; };
		A9F7C464193E614F0092FCA2 /* logo_mi@2x.png */ = {isa = PBXFileReference; lastKnownFileType = image.png; path = "logo_mi@2x.png"; sourceTree = "<group>"; };
		A9F7C465193E614F0092FCA2 /* logo_om@2x.png */ = {isa = PBXFileReference; lastKnownFileType = image.png; path = "logo_om@2x.png"; sourceTree = "<group>"; };
		A9F7C466193E614F0092FCA2 /* logo_pe@2x.png */ = {isa = PBXFileReference; lastKnownFileType = image.png; path = "logo_pe@2x.png"; sourceTree = "<group>"; };
		A9F7C467193E614F0092FCA2 /* logo_q8@2x.png */ = {isa = PBXFileReference; lastKnownFileType = image.png; path = "logo_q8@2x.png"; sourceTree = "<group>"; };
		A9F7C468193E614F0092FCA2 /* logo_qe@2x.png */ = {isa = PBXFileReference; lastKnownFileType = image.png; path = "logo_qe@2x.png"; sourceTree = "<group>"; };
		A9F7C469193E614F0092FCA2 /* logo_re@2x.png */ = {isa = PBXFileReference; lastKnownFileType = image.png; path = "logo_re@2x.png"; sourceTree = "<group>"; };
		A9F7C46A193E614F0092FCA2 /* logo_sf@2x.png */ = {isa = PBXFileReference; lastKnownFileType = image.png; path = "logo_sf@2x.png"; sourceTree = "<group>"; };
		A9F7C46B193E614F0092FCA2 /* logo_sh@2x.png */ = {isa = PBXFileReference; lastKnownFileType = image.png; path = "logo_sh@2x.png"; sourceTree = "<group>"; };
		A9F7C46C193E614F0092FCA2 /* logo_sm@2x.png */ = {isa = PBXFileReference; lastKnownFileType = image.png; path = "logo_sm@2x.png"; sourceTree = "<group>"; };
		A9F7C46D193E614F0092FCA2 /* logo_sp@2x.png */ = {isa = PBXFileReference; lastKnownFileType = image.png; path = "logo_sp@2x.png"; sourceTree = "<group>"; };
		A9F7C46E193E614F0092FCA2 /* logo_t2@2x.png */ = {isa = PBXFileReference; lastKnownFileType = image.png; path = "logo_t2@2x.png"; sourceTree = "<group>"; };
		A9F7C46F193E614F0092FCA2 /* logo_t7@2x.png */ = {isa = PBXFileReference; lastKnownFileType = image.png; path = "logo_t7@2x.png"; sourceTree = "<group>"; };
		A9F7C470193E614F0092FCA2 /* logo_ta@2x.png */ = {isa = PBXFileReference; lastKnownFileType = image.png; path = "logo_ta@2x.png"; sourceTree = "<group>"; };
		A9F7C471193E614F0092FCA2 /* logo_te@2x.png */ = {isa = PBXFileReference; lastKnownFileType = image.png; path = "logo_te@2x.png"; sourceTree = "<group>"; };
		A9F7C472193E614F0092FCA2 /* logo_to@2x.png */ = {isa = PBXFileReference; lastKnownFileType = image.png; path = "logo_to@2x.png"; sourceTree = "<group>"; };
		A9F7C497193E64640092FCA2 /* marker_mid@2x.png */ = {isa = PBXFileReference; lastKnownFileType = image.png; path = "marker_mid@2x.png"; sourceTree = "<group>"; };
		A9FC5055193C70D900C883B7 /* MKMapView+ZoomLevel.h */ = {isa = PBXFileReference; fileEncoding = 4; lastKnownFileType = sourcecode.c.h; path = "MKMapView+ZoomLevel.h"; sourceTree = "<group>"; };
		A9FC5056193C70D900C883B7 /* MKMapView+ZoomLevel.m */ = {isa = PBXFileReference; fileEncoding = 4; lastKnownFileType = sourcecode.c.objc; path = "MKMapView+ZoomLevel.m"; sourceTree = "<group>"; };
		A9FC505B193C786800C883B7 /* APGasStationClient.h */ = {isa = PBXFileReference; fileEncoding = 4; lastKnownFileType = sourcecode.c.h; path = APGasStationClient.h; sourceTree = "<group>"; };
		A9FC505C193C786800C883B7 /* APGasStationClient.m */ = {isa = PBXFileReference; fileEncoding = 4; lastKnownFileType = sourcecode.c.objc; path = APGasStationClient.m; sourceTree = "<group>"; };
		A9FC507A193CDC4E00C883B7 /* APGSAnnotation.h */ = {isa = PBXFileReference; fileEncoding = 4; lastKnownFileType = sourcecode.c.h; path = APGSAnnotation.h; sourceTree = "<group>"; };
		A9FC507B193CDC4E00C883B7 /* APGSAnnotation.m */ = {isa = PBXFileReference; fileEncoding = 4; lastKnownFileType = sourcecode.c.objc; path = APGSAnnotation.m; sourceTree = "<group>"; };
		A9FC965A19432C780067875B /* APGeocodeClient.h */ = {isa = PBXFileReference; fileEncoding = 4; lastKnownFileType = sourcecode.c.h; path = APGeocodeClient.h; sourceTree = "<group>"; };
		A9FC965B19432C780067875B /* APGeocodeClient.m */ = {isa = PBXFileReference; fileEncoding = 4; lastKnownFileType = sourcecode.c.objc; path = APGeocodeClient.m; sourceTree = "<group>"; };
		A9FC965F194343730067875B /* APNetworkAPI.h */ = {isa = PBXFileReference; lastKnownFileType = sourcecode.c.h; path = APNetworkAPI.h; sourceTree = "<group>"; };
		A9FC966019434EC40067875B /* APDirectionsClient.h */ = {isa = PBXFileReference; fileEncoding = 4; lastKnownFileType = sourcecode.c.h; path = APDirectionsClient.h; sourceTree = "<group>"; };
		A9FC966119434EC40067875B /* APDirectionsClient.m */ = {isa = PBXFileReference; fileEncoding = 4; lastKnownFileType = sourcecode.c.objc; path = APDirectionsClient.m; sourceTree = "<group>"; };
		A9FC966319434FD80067875B /* APPathOptimizer.h */ = {isa = PBXFileReference; fileEncoding = 4; lastKnownFileType = sourcecode.c.h; path = APPathOptimizer.h; sourceTree = "<group>"; };
		A9FC966419434FD80067875B /* APPathOptimizer.m */ = {isa = PBXFileReference; fileEncoding = 4; lastKnownFileType = sourcecode.c.objc; path = APPathOptimizer.m; sourceTree = "<group>"; };
		FAEA7545A18B4D538A596C22 /* Pods-OilSavings.xcconfig */ = {isa = PBXFileReference; includeInIndex = 1; lastKnownFileType = text.xcconfig; name = "Pods-OilSavings.xcconfig"; path = "Pods/Pods-OilSavings.xcconfig"; sourceTree = "<group>"; };
/* End PBXFileReference section */

/* Begin PBXFrameworksBuildPhase section */
		A98D086D192FDC33000DB81D /* Frameworks */ = {
			isa = PBXFrameworksBuildPhase;
			buildActionMask = 2147483647;
			files = (
				A901462B193BEE1C003B826D /* CoreLocation.framework in Frameworks */,
				A99FCCE6193284E900B26D6A /* MapKit.framework in Frameworks */,
				A99FCCDD19327C7E00B26D6A /* libsqlite3.0.dylib in Frameworks */,
				A98D0876192FDC33000DB81D /* CoreGraphics.framework in Frameworks */,
				A98D087A192FDC33000DB81D /* CoreData.framework in Frameworks */,
				A98D0878192FDC33000DB81D /* UIKit.framework in Frameworks */,
				A98D0874192FDC33000DB81D /* Foundation.framework in Frameworks */,
				1C262EE98A284CE2B1B1D0E0 /* libPods-OilSavings.a in Frameworks */,
			);
			runOnlyForDeploymentPostprocessing = 0;
		};
		A98D0899192FDC33000DB81D /* Frameworks */ = {
			isa = PBXFrameworksBuildPhase;
			buildActionMask = 2147483647;
			files = (
				A98D089E192FDC33000DB81D /* XCTest.framework in Frameworks */,
				A98D08A1192FDC33000DB81D /* CoreData.framework in Frameworks */,
				A98D08A0192FDC33000DB81D /* UIKit.framework in Frameworks */,
				A98D089F192FDC33000DB81D /* Foundation.framework in Frameworks */,
			);
			runOnlyForDeploymentPostprocessing = 0;
		};
/* End PBXFrameworksBuildPhase section */

/* Begin PBXGroup section */
		A9014629193BEB45003B826D /* APIClient */ = {
			isa = PBXGroup;
			children = (
				A9FC965F194343730067875B /* APNetworkAPI.h */,
				A9FC505B193C786800C883B7 /* APGasStationClient.h */,
				A9FC505C193C786800C883B7 /* APGasStationClient.m */,
				A9FC965A19432C780067875B /* APGeocodeClient.h */,
				A9FC965B19432C780067875B /* APGeocodeClient.m */,
				A9FC966019434EC40067875B /* APDirectionsClient.h */,
				A9FC966119434EC40067875B /* APDirectionsClient.m */,
			);
			path = APIClient;
			sourceTree = "<group>";
		};
		A93D9F8719354FDE008B530A /* View */ = {
			isa = PBXGroup;
			children = (
				A93D9F881935500F008B530A /* APTableViewCell.h */,
				A93D9F891935500F008B530A /* APTableViewCell.m */,
				A93D9F8D193550E0008B530A /* CarCellDesign.xib */,
				A9FC5055193C70D900C883B7 /* MKMapView+ZoomLevel.h */,
				A9FC5056193C70D900C883B7 /* MKMapView+ZoomLevel.m */,
				A9FC507A193CDC4E00C883B7 /* APGSAnnotation.h */,
				A9FC507B193CDC4E00C883B7 /* APGSAnnotation.m */,
			);
			path = View;
			sourceTree = "<group>";
		};
		A94F66E71942689000D8453A /* CarManage */ = {
			isa = PBXGroup;
			children = (
				A919D0EA1932B7200052A47F /* APEditCarViewController.h */,
				A919D0EB1932B7200052A47F /* APEditCarViewController.m */,
				A919D0F01932BD900052A47F /* APInfoCarViewController.h */,
				A919D0F11932BD900052A47F /* APInfoCarViewController.m */,
				A919D0ED1932B8120052A47F /* APAddCarViewController.h */,
				A919D0EE1932B8120052A47F /* APAddCarViewController.m */,
				A94392CD19328DF000439E89 /* SidebarViewController.h */,
				A94392CC19328DF000439E89 /* SidebarViewController.m */,
			);
			name = CarManage;
			sourceTree = "<group>";
		};
		A98D0867192FDC33000DB81D = {
			isa = PBXGroup;
			children = (
				A98D087B192FDC33000DB81D /* OilSavings */,
				A98D08A4192FDC33000DB81D /* OilSavingsTests */,
				A98D0872192FDC33000DB81D /* Frameworks */,
				A98D0871192FDC33000DB81D /* Products */,
				FAEA7545A18B4D538A596C22 /* Pods-OilSavings.xcconfig */,
			);
			sourceTree = "<group>";
		};
		A98D0871192FDC33000DB81D /* Products */ = {
			isa = PBXGroup;
			children = (
				A98D0870192FDC33000DB81D /* OilSavings.app */,
				A98D089C192FDC33000DB81D /* OilSavingsTests.xctest */,
			);
			name = Products;
			sourceTree = "<group>";
		};
		A98D0872192FDC33000DB81D /* Frameworks */ = {
			isa = PBXGroup;
			children = (
				A901462A193BEE1C003B826D /* CoreLocation.framework */,
				A99FCCE5193284E900B26D6A /* MapKit.framework */,
				A99FCCDC19327C7E00B26D6A /* libsqlite3.0.dylib */,
				A99FCCD1193246C300B26D6A /* libsqlite3.dylib */,
				A98D0873192FDC33000DB81D /* Foundation.framework */,
				A98D0875192FDC33000DB81D /* CoreGraphics.framework */,
				A98D0877192FDC33000DB81D /* UIKit.framework */,
				A98D0879192FDC33000DB81D /* CoreData.framework */,
				A98D089D192FDC33000DB81D /* XCTest.framework */,
				8FF496F4C7FD48D99EAA02C5 /* libPods-OilSavings.a */,
			);
			name = Frameworks;
			sourceTree = "<group>";
		};
		A98D087B192FDC33000DB81D /* OilSavings */ = {
			isa = PBXGroup;
			children = (
				A9FC5058193C745800C883B7 /* Images */,
				A9014629193BEB45003B826D /* APIClient */,
				A93D9F8719354FDE008B530A /* View */,
				A99FCCD819327AE300B26D6A /* SideViewC */,
				A99FCCD6193248DF00B26D6A /* car.sqlite */,
				A9C7116C1932282000E8EEF9 /* Resources */,
				A9C7116D1932282000E8EEF9 /* Model */,
				A98D0884192FDC33000DB81D /* APAppDelegate.h */,
				A98D0885192FDC33000DB81D /* APAppDelegate.m */,
				A98D0887192FDC33000DB81D /* Main_iPhone.storyboard */,
				A98D088A192FDC33000DB81D /* Main_iPad.storyboard */,
				A9CFA2EE193E87FC00ACCEC5 /* APOptionsViewController.h */,
				A9CFA2EF193E87FC00ACCEC5 /* APOptionsViewController.m */,
				A99FCCDE19327CA300B26D6A /* APMapViewController.h */,
				A99FCCDF19327CA400B26D6A /* APMapViewController.m */,
				A94F66E71942689000D8453A /* CarManage */,
				A98D0896192FDC33000DB81D /* Images.xcassets */,
				A98D088D192FDC33000DB81D /* OilSavings.xcdatamodeld */,
				A98D087C192FDC33000DB81D /* Supporting Files */,
			);
			path = OilSavings;
			sourceTree = "<group>";
		};
		A98D087C192FDC33000DB81D /* Supporting Files */ = {
			isa = PBXGroup;
			children = (
				A98D087D192FDC33000DB81D /* OilSavings-Info.plist */,
				A98D087E192FDC33000DB81D /* InfoPlist.strings */,
				A98D0881192FDC33000DB81D /* main.m */,
				A98D0883192FDC33000DB81D /* OilSavings-Prefix.pch */,
			);
			name = "Supporting Files";
			sourceTree = "<group>";
		};
		A98D08A4192FDC33000DB81D /* OilSavingsTests */ = {
			isa = PBXGroup;
			children = (
				A98D08AA192FDC33000DB81D /* OilSavingsTests.m */,
				A98D08A5192FDC33000DB81D /* Supporting Files */,
			);
			path = OilSavingsTests;
			sourceTree = "<group>";
		};
		A98D08A5192FDC33000DB81D /* Supporting Files */ = {
			isa = PBXGroup;
			children = (
				A98D08A6192FDC33000DB81D /* OilSavingsTests-Info.plist */,
				A98D08A7192FDC33000DB81D /* InfoPlist.strings */,
			);
			name = "Supporting Files";
			sourceTree = "<group>";
		};
		A99FCCD819327AE300B26D6A /* SideViewC */ = {
			isa = PBXGroup;
			children = (
				A99FCCD919327AE300B26D6A /* SWRevealViewController.h */,
				A99FCCDA19327AE300B26D6A /* SWRevealViewController.m */,
			);
			path = SideViewC;
			sourceTree = "<group>";
		};
		A9C7116C1932282000E8EEF9 /* Resources */ = {
			isa = PBXGroup;
			children = (
				A99FCCE11932823500B26D6A /* menu.png */,
				A99FCCE21932823500B26D6A /* menu@2x.png */,
			);
			path = Resources;
			sourceTree = "<group>";
		};
		A9C7116D1932282000E8EEF9 /* Model */ = {
			isa = PBXGroup;
			children = (
				A9C7116F1932284B00E8EEF9 /* APCar.h */,
				A9C711701932284B00E8EEF9 /* APCar.m */,
				A9C71173193229A300E8EEF9 /* APConstants.h */,
				A9C71174193229A300E8EEF9 /* APConstants.m */,
				A9014610193BCA66003B826D /* APDuration.h */,
				A9014611193BCA66003B826D /* APDuration.m */,
				A9014616193BCC00003B826D /* APDistance.h */,
				A9014617193BCC00003B826D /* APDistance.m */,
				A901461F193BCFA5003B826D /* APStep.h */,
				A9014620193BCFA5003B826D /* APStep.m */,
				A901461C193BCE36003B826D /* APLine.h */,
				A901461D193BCE36003B826D /* APLine.m */,
				A9014622193BD486003B826D /* APPath.h */,
				A9014623193BD486003B826D /* APPath.m */,
				A9014625193BE7AD003B826D /* APGasStation.h */,
				A9014626193BE7AD003B826D /* APGasStation.m */,
				A9FC966319434FD80067875B /* APPathOptimizer.h */,
				A9FC966419434FD80067875B /* APPathOptimizer.m */,
			);
			path = Model;
			sourceTree = "<group>";
		};
		A9FC5058193C745800C883B7 /* Images */ = {
			isa = PBXGroup;
			children = (
				A9EA15C91957AB0900CF4446 /* location@2x.png */,
				A9EA15C71957AA9400CF4446 /* list_gas_stations@2x.png */,
				A9EA15C51957A55800CF4446 /* logo_im@2x.png */,
				A9EA15C319577A6300CF4446 /* marker_blue@2x.png */,
				A9CFA2F1193E8B0200ACCEC5 /* carIcon@2x.png */,
				A9CFA2EC193E844100ACCEC5 /* opzioni@2x.png */,
				A9F7C497193E64640092FCA2 /* marker_mid@2x.png */,
				A9F7C44F193E614F0092FCA2 /* logo_ag@2x.png */,
				A9F7C450193E614F0092FCA2 /* logo_ap@2x.png */,
				A9F7C451193E614F0092FCA2 /* logo_aq@2x.png */,
				A9F7C452193E614F0092FCA2 /* logo_ar@2x.png */,
				A9F7C453193E614F0092FCA2 /* logo_au@2x.png */,
				A9F7C454193E614F0092FCA2 /* logo_be@2x.png */,
				A9F7C455193E614F0092FCA2 /* logo_bz@2x.png */,
				A9F7C456193E614F0092FCA2 /* logo_cf@2x.png */,
				A9F7C457193E614F0092FCA2 /* logo_cl@2x.png */,
				A9F7C458193E614F0092FCA2 /* logo_eg@2x.png */,
				A9F7C459193E614F0092FCA2 /* logo_er@2x.png */,
				A9F7C45A193E614F0092FCA2 /* logo_es@2x.png */,
				A9F7C45B193E614F0092FCA2 /* logo_ey@2x.png */,
				A9F7C45C193E614F0092FCA2 /* logo_f2@2x.png */,
				A9F7C45D193E614F0092FCA2 /* logo_h6@2x.png */,
				A9F7C45E193E614F0092FCA2 /* logo_ie@2x.png */,
				A9F7C45F193E614F0092FCA2 /* logo_in@2x.png */,
				A9F7C460193E614F0092FCA2 /* logo_ip@2x.png */,
				A9F7C461193E614F0092FCA2 /* logo_is@2x.png */,
				A9F7C462193E614F0092FCA2 /* logo_kt@2x.png */,
				A9F7C463193E614F0092FCA2 /* logo_lt@2x.png */,
				A9F7C464193E614F0092FCA2 /* logo_mi@2x.png */,
				A9F7C465193E614F0092FCA2 /* logo_om@2x.png */,
				A9F7C466193E614F0092FCA2 /* logo_pe@2x.png */,
				A9F7C467193E614F0092FCA2 /* logo_q8@2x.png */,
				A9F7C468193E614F0092FCA2 /* logo_qe@2x.png */,
				A9F7C469193E614F0092FCA2 /* logo_re@2x.png */,
				A9F7C46A193E614F0092FCA2 /* logo_sf@2x.png */,
				A9F7C46B193E614F0092FCA2 /* logo_sh@2x.png */,
				A9F7C46C193E614F0092FCA2 /* logo_sm@2x.png */,
				A9F7C46D193E614F0092FCA2 /* logo_sp@2x.png */,
				A9F7C46E193E614F0092FCA2 /* logo_t2@2x.png */,
				A9F7C46F193E614F0092FCA2 /* logo_t7@2x.png */,
				A9F7C470193E614F0092FCA2 /* logo_ta@2x.png */,
				A9F7C471193E614F0092FCA2 /* logo_te@2x.png */,
				A9F7C472193E614F0092FCA2 /* logo_to@2x.png */,
				A9F7C44B193E5F960092FCA2 /* marker@2x.png */,
			);
			path = Images;
			sourceTree = "<group>";
		};
/* End PBXGroup section */

/* Begin PBXNativeTarget section */
		A98D086F192FDC33000DB81D /* OilSavings */ = {
			isa = PBXNativeTarget;
			buildConfigurationList = A98D08AE192FDC33000DB81D /* Build configuration list for PBXNativeTarget "OilSavings" */;
			buildPhases = (
				BFD09F61D4494BB1A6C06738 /* Check Pods Manifest.lock */,
				A98D086C192FDC33000DB81D /* Sources */,
				A98D086D192FDC33000DB81D /* Frameworks */,
				A98D086E192FDC33000DB81D /* Resources */,
				FD205C5DCA494F739FB9A119 /* Copy Pods Resources */,
			);
			buildRules = (
			);
			dependencies = (
			);
			name = OilSavings;
			productName = OilSavings;
			productReference = A98D0870192FDC33000DB81D /* OilSavings.app */;
			productType = "com.apple.product-type.application";
		};
		A98D089B192FDC33000DB81D /* OilSavingsTests */ = {
			isa = PBXNativeTarget;
			buildConfigurationList = A98D08B1192FDC33000DB81D /* Build configuration list for PBXNativeTarget "OilSavingsTests" */;
			buildPhases = (
				A98D0898192FDC33000DB81D /* Sources */,
				A98D0899192FDC33000DB81D /* Frameworks */,
				A98D089A192FDC33000DB81D /* Resources */,
			);
			buildRules = (
			);
			dependencies = (
				A98D08A3192FDC33000DB81D /* PBXTargetDependency */,
			);
			name = OilSavingsTests;
			productName = OilSavingsTests;
			productReference = A98D089C192FDC33000DB81D /* OilSavingsTests.xctest */;
			productType = "com.apple.product-type.bundle.unit-test";
		};
/* End PBXNativeTarget section */

/* Begin PBXProject section */
		A98D0868192FDC33000DB81D /* Project object */ = {
			isa = PBXProject;
			attributes = {
				CLASSPREFIX = AP;
				LastUpgradeCheck = 0510;
				ORGANIZATIONNAME = "Andi Palo";
				TargetAttributes = {
					A98D089B192FDC33000DB81D = {
						TestTargetID = A98D086F192FDC33000DB81D;
					};
				};
			};
			buildConfigurationList = A98D086B192FDC33000DB81D /* Build configuration list for PBXProject "OilSavings" */;
			compatibilityVersion = "Xcode 3.2";
			developmentRegion = English;
			hasScannedForEncodings = 0;
			knownRegions = (
				en,
				Base,
			);
			mainGroup = A98D0867192FDC33000DB81D;
			productRefGroup = A98D0871192FDC33000DB81D /* Products */;
			projectDirPath = "";
			projectRoot = "";
			targets = (
				A98D086F192FDC33000DB81D /* OilSavings */,
				A98D089B192FDC33000DB81D /* OilSavingsTests */,
			);
		};
/* End PBXProject section */

/* Begin PBXResourcesBuildPhase section */
		A98D086E192FDC33000DB81D /* Resources */ = {
			isa = PBXResourcesBuildPhase;
			buildActionMask = 2147483647;
			files = (
				A9F7C476193E614F0092FCA2 /* logo_ar@2x.png in Resources */,
				A9F7C494193E614F0092FCA2 /* logo_ta@2x.png in Resources */,
				A9F7C487193E614F0092FCA2 /* logo_lt@2x.png in Resources */,
				A9F7C477193E614F0092FCA2 /* logo_au@2x.png in Resources */,
				A9F7C48C193E614F0092FCA2 /* logo_qe@2x.png in Resources */,
				A98D088C192FDC33000DB81D /* Main_iPad.storyboard in Resources */,
				A9F7C475193E614F0092FCA2 /* logo_aq@2x.png in Resources */,
				A9F7C483193E614F0092FCA2 /* logo_in@2x.png in Resources */,
				A9F7C490193E614F0092FCA2 /* logo_sm@2x.png in Resources */,
				A9F7C488193E614F0092FCA2 /* logo_mi@2x.png in Resources */,
				A9CFA2F2193E8B0200ACCEC5 /* carIcon@2x.png in Resources */,
				A9F7C47A193E614F0092FCA2 /* logo_cf@2x.png in Resources */,
				A9F7C474193E614F0092FCA2 /* logo_ap@2x.png in Resources */,
				A9CFA2ED193E844100ACCEC5 /* opzioni@2x.png in Resources */,
				A9F7C492193E614F0092FCA2 /* logo_t2@2x.png in Resources */,
				A9F7C496193E614F0092FCA2 /* logo_to@2x.png in Resources */,
				A9F7C485193E614F0092FCA2 /* logo_is@2x.png in Resources */,
				A9F7C482193E614F0092FCA2 /* logo_ie@2x.png in Resources */,
				A9F7C473193E614F0092FCA2 /* logo_ag@2x.png in Resources */,
				A9F7C491193E614F0092FCA2 /* logo_sp@2x.png in Resources */,
				A9F7C498193E64640092FCA2 /* marker_mid@2x.png in Resources */,
				A9F7C493193E614F0092FCA2 /* logo_t7@2x.png in Resources */,
				A9F7C47C193E614F0092FCA2 /* logo_eg@2x.png in Resources */,
				A99FCCE41932823500B26D6A /* menu@2x.png in Resources */,
				A9F7C481193E614F0092FCA2 /* logo_h6@2x.png in Resources */,
				A9F7C484193E614F0092FCA2 /* logo_ip@2x.png in Resources */,
				A9F7C47F193E614F0092FCA2 /* logo_ey@2x.png in Resources */,
				A9F7C48F193E614F0092FCA2 /* logo_sh@2x.png in Resources */,
				A9F7C48D193E614F0092FCA2 /* logo_re@2x.png in Resources */,
				A9EA15C419577A6300CF4446 /* marker_blue@2x.png in Resources */,
				A9F7C479193E614F0092FCA2 /* logo_bz@2x.png in Resources */,
				A9EA15C81957AA9400CF4446 /* list_gas_stations@2x.png in Resources */,
				A9F7C478193E614F0092FCA2 /* logo_be@2x.png in Resources */,
				A93D9F8E193550E0008B530A /* CarCellDesign.xib in Resources */,
				A98D0897192FDC33000DB81D /* Images.xcassets in Resources */,
				A9F7C486193E614F0092FCA2 /* logo_kt@2x.png in Resources */,
				A99FCCE31932823500B26D6A /* menu.png in Resources */,
				A9F7C489193E614F0092FCA2 /* logo_om@2x.png in Resources */,
				A9EA15C61957A55800CF4446 /* logo_im@2x.png in Resources */,
				A9F7C495193E614F0092FCA2 /* logo_te@2x.png in Resources */,
				A9F7C47D193E614F0092FCA2 /* logo_er@2x.png in Resources */,
				A9EA15CA1957AB0900CF4446 /* location@2x.png in Resources */,
				A98D0889192FDC33000DB81D /* Main_iPhone.storyboard in Resources */,
				A9F7C48A193E614F0092FCA2 /* logo_pe@2x.png in Resources */,
				A9F7C47B193E614F0092FCA2 /* logo_cl@2x.png in Resources */,
				A99FCCD7193248DF00B26D6A /* car.sqlite in Resources */,
				A9F7C48E193E614F0092FCA2 /* logo_sf@2x.png in Resources */,
				A9F7C480193E614F0092FCA2 /* logo_f2@2x.png in Resources */,
				A9F7C48B193E614F0092FCA2 /* logo_q8@2x.png in Resources */,
				A9F7C47E193E614F0092FCA2 /* logo_es@2x.png in Resources */,
				A98D0880192FDC33000DB81D /* InfoPlist.strings in Resources */,
				A9F7C44C193E5F960092FCA2 /* marker@2x.png in Resources */,
			);
			runOnlyForDeploymentPostprocessing = 0;
		};
		A98D089A192FDC33000DB81D /* Resources */ = {
			isa = PBXResourcesBuildPhase;
			buildActionMask = 2147483647;
			files = (
				A98D08A9192FDC33000DB81D /* InfoPlist.strings in Resources */,
			);
			runOnlyForDeploymentPostprocessing = 0;
		};
/* End PBXResourcesBuildPhase section */

/* Begin PBXShellScriptBuildPhase section */
		BFD09F61D4494BB1A6C06738 /* Check Pods Manifest.lock */ = {
			isa = PBXShellScriptBuildPhase;
			buildActionMask = 2147483647;
			files = (
			);
			inputPaths = (
			);
			name = "Check Pods Manifest.lock";
			outputPaths = (
			);
			runOnlyForDeploymentPostprocessing = 0;
			shellPath = /bin/sh;
			shellScript = "diff \"${PODS_ROOT}/../Podfile.lock\" \"${PODS_ROOT}/Manifest.lock\" > /dev/null\nif [[ $? != 0 ]] ; then\n    cat << EOM\nerror: The sandbox is not in sync with the Podfile.lock. Run 'pod install' or update your CocoaPods installation.\nEOM\n    exit 1\nfi\n";
			showEnvVarsInLog = 0;
		};
		FD205C5DCA494F739FB9A119 /* Copy Pods Resources */ = {
			isa = PBXShellScriptBuildPhase;
			buildActionMask = 2147483647;
			files = (
			);
			inputPaths = (
			);
			name = "Copy Pods Resources";
			outputPaths = (
			);
			runOnlyForDeploymentPostprocessing = 0;
			shellPath = /bin/sh;
			shellScript = "\"${SRCROOT}/Pods/Pods-OilSavings-resources.sh\"\n";
			showEnvVarsInLog = 0;
		};
/* End PBXShellScriptBuildPhase section */

/* Begin PBXSourcesBuildPhase section */
		A98D086C192FDC33000DB81D /* Sources */ = {
			isa = PBXSourcesBuildPhase;
			buildActionMask = 2147483647;
			files = (
				A9CFA2F0193E87FC00ACCEC5 /* APOptionsViewController.m in Sources */,
				A9014621193BCFA5003B826D /* APStep.m in Sources */,
				A94392CE19328DF000439E89 /* SidebarViewController.m in Sources */,
				A93D9F8A1935500F008B530A /* APTableViewCell.m in Sources */,
				A919D0EF1932B8120052A47F /* APAddCarViewController.m in Sources */,
				A919D0F21932BD900052A47F /* APInfoCarViewController.m in Sources */,
				A9C71175193229A300E8EEF9 /* APConstants.m in Sources */,
				A9FC966219434EC40067875B /* APDirectionsClient.m in Sources */,
				A901461E193BCE36003B826D /* APLine.m in Sources */,
				A9FC5057193C70D900C883B7 /* MKMapView+ZoomLevel.m in Sources */,
				A9FC507C193CDC4E00C883B7 /* APGSAnnotation.m in Sources */,
				A9FC505D193C786800C883B7 /* APGasStationClient.m in Sources */,
				A9014618193BCC00003B826D /* APDistance.m in Sources */,
				A9014612193BCA66003B826D /* APDuration.m in Sources */,
				A98D0882192FDC33000DB81D /* main.m in Sources */,
				A9FC965C19432C780067875B /* APGeocodeClient.m in Sources */,
				A9014627193BE7AD003B826D /* APGasStation.m in Sources */,
				A99FCCE019327CA400B26D6A /* APMapViewController.m in Sources */,
				A98D0886192FDC33000DB81D /* APAppDelegate.m in Sources */,
				A919D0EC1932B7200052A47F /* APEditCarViewController.m in Sources */,
				A99FCCDB19327AE300B26D6A /* SWRevealViewController.m in Sources */,
				A9FC966519434FD80067875B /* APPathOptimizer.m in Sources */,
				A9C711711932284B00E8EEF9 /* APCar.m in Sources */,
				A9014624193BD486003B826D /* APPath.m in Sources */,
				A98D088F192FDC33000DB81D /* OilSavings.xcdatamodeld in Sources */,
			);
			runOnlyForDeploymentPostprocessing = 0;
		};
		A98D0898192FDC33000DB81D /* Sources */ = {
			isa = PBXSourcesBuildPhase;
			buildActionMask = 2147483647;
			files = (
				A9C71176193229A300E8EEF9 /* APConstants.m in Sources */,
				A98D08AB192FDC33000DB81D /* OilSavingsTests.m in Sources */,
				A9C711721932284B00E8EEF9 /* APCar.m in Sources */,
			);
			runOnlyForDeploymentPostprocessing = 0;
		};
/* End PBXSourcesBuildPhase section */

/* Begin PBXTargetDependency section */
		A98D08A3192FDC33000DB81D /* PBXTargetDependency */ = {
			isa = PBXTargetDependency;
			target = A98D086F192FDC33000DB81D /* OilSavings */;
			targetProxy = A98D08A2192FDC33000DB81D /* PBXContainerItemProxy */;
		};
/* End PBXTargetDependency section */

/* Begin PBXVariantGroup section */
		A98D087E192FDC33000DB81D /* InfoPlist.strings */ = {
			isa = PBXVariantGroup;
			children = (
				A98D087F192FDC33000DB81D /* en */,
			);
			name = InfoPlist.strings;
			sourceTree = "<group>";
		};
		A98D0887192FDC33000DB81D /* Main_iPhone.storyboard */ = {
			isa = PBXVariantGroup;
			children = (
				A98D0888192FDC33000DB81D /* Base */,
			);
			name = Main_iPhone.storyboard;
			sourceTree = "<group>";
		};
		A98D088A192FDC33000DB81D /* Main_iPad.storyboard */ = {
			isa = PBXVariantGroup;
			children = (
				A98D088B192FDC33000DB81D /* Base */,
			);
			name = Main_iPad.storyboard;
			sourceTree = "<group>";
		};
		A98D08A7192FDC33000DB81D /* InfoPlist.strings */ = {
			isa = PBXVariantGroup;
			children = (
				A98D08A8192FDC33000DB81D /* en */,
			);
			name = InfoPlist.strings;
			sourceTree = "<group>";
		};
/* End PBXVariantGroup section */

/* Begin XCBuildConfiguration section */
		A98D08AC192FDC33000DB81D /* Debug */ = {
			isa = XCBuildConfiguration;
			buildSettings = {
				ALWAYS_SEARCH_USER_PATHS = NO;
				CLANG_CXX_LANGUAGE_STANDARD = "gnu++0x";
				CLANG_CXX_LIBRARY = "libc++";
				CLANG_ENABLE_MODULES = YES;
				CLANG_ENABLE_OBJC_ARC = YES;
				CLANG_WARN_BOOL_CONVERSION = YES;
				CLANG_WARN_CONSTANT_CONVERSION = YES;
				CLANG_WARN_DIRECT_OBJC_ISA_USAGE = YES_ERROR;
				CLANG_WARN_EMPTY_BODY = YES;
				CLANG_WARN_ENUM_CONVERSION = YES;
				CLANG_WARN_INT_CONVERSION = YES;
				CLANG_WARN_OBJC_ROOT_CLASS = YES_ERROR;
				CLANG_WARN__DUPLICATE_METHOD_MATCH = YES;
				"CODE_SIGN_IDENTITY[sdk=iphoneos*]" = "iPhone Developer";
				COPY_PHASE_STRIP = NO;
				GCC_C_LANGUAGE_STANDARD = gnu99;
				GCC_DYNAMIC_NO_PIC = NO;
				GCC_OPTIMIZATION_LEVEL = 0;
				GCC_PREPROCESSOR_DEFINITIONS = (
					"DEBUG=1",
					"$(inherited)",
				);
				GCC_SYMBOLS_PRIVATE_EXTERN = NO;
				GCC_WARN_64_TO_32_BIT_CONVERSION = YES;
				GCC_WARN_ABOUT_RETURN_TYPE = YES_ERROR;
				GCC_WARN_UNDECLARED_SELECTOR = YES;
				GCC_WARN_UNINITIALIZED_AUTOS = YES_AGGRESSIVE;
				GCC_WARN_UNUSED_FUNCTION = YES;
				GCC_WARN_UNUSED_VARIABLE = YES;
				IPHONEOS_DEPLOYMENT_TARGET = 7.1;
				ONLY_ACTIVE_ARCH = YES;
				SDKROOT = iphoneos;
				TARGETED_DEVICE_FAMILY = "1,2";
			};
			name = Debug;
		};
		A98D08AD192FDC33000DB81D /* Release */ = {
			isa = XCBuildConfiguration;
			buildSettings = {
				ALWAYS_SEARCH_USER_PATHS = NO;
				CLANG_CXX_LANGUAGE_STANDARD = "gnu++0x";
				CLANG_CXX_LIBRARY = "libc++";
				CLANG_ENABLE_MODULES = YES;
				CLANG_ENABLE_OBJC_ARC = YES;
				CLANG_WARN_BOOL_CONVERSION = YES;
				CLANG_WARN_CONSTANT_CONVERSION = YES;
				CLANG_WARN_DIRECT_OBJC_ISA_USAGE = YES_ERROR;
				CLANG_WARN_EMPTY_BODY = YES;
				CLANG_WARN_ENUM_CONVERSION = YES;
				CLANG_WARN_INT_CONVERSION = YES;
				CLANG_WARN_OBJC_ROOT_CLASS = YES_ERROR;
				CLANG_WARN__DUPLICATE_METHOD_MATCH = YES;
				"CODE_SIGN_IDENTITY[sdk=iphoneos*]" = "iPhone Developer";
				COPY_PHASE_STRIP = YES;
				ENABLE_NS_ASSERTIONS = NO;
				GCC_C_LANGUAGE_STANDARD = gnu99;
				GCC_WARN_64_TO_32_BIT_CONVERSION = YES;
				GCC_WARN_ABOUT_RETURN_TYPE = YES_ERROR;
				GCC_WARN_UNDECLARED_SELECTOR = YES;
				GCC_WARN_UNINITIALIZED_AUTOS = YES_AGGRESSIVE;
				GCC_WARN_UNUSED_FUNCTION = YES;
				GCC_WARN_UNUSED_VARIABLE = YES;
				IPHONEOS_DEPLOYMENT_TARGET = 7.1;
				SDKROOT = iphoneos;
				TARGETED_DEVICE_FAMILY = "1,2";
				VALIDATE_PRODUCT = YES;
			};
			name = Release;
		};
		A98D08AF192FDC33000DB81D /* Debug */ = {
			isa = XCBuildConfiguration;
			baseConfigurationReference = FAEA7545A18B4D538A596C22 /* Pods-OilSavings.xcconfig */;
			buildSettings = {
				ALWAYS_SEARCH_USER_PATHS = YES;
				ASSETCATALOG_COMPILER_APPICON_NAME = AppIcon;
				ASSETCATALOG_COMPILER_LAUNCHIMAGE_NAME = LaunchImage;
				GCC_PRECOMPILE_PREFIX_HEADER = YES;
				GCC_PREFIX_HEADER = "OilSavings/OilSavings-Prefix.pch";
				INFOPLIST_FILE = "OilSavings/OilSavings-Info.plist";
				PRODUCT_NAME = "$(TARGET_NAME)";
				WRAPPER_EXTENSION = app;
			};
			name = Debug;
		};
		A98D08B0192FDC33000DB81D /* Release */ = {
			isa = XCBuildConfiguration;
			baseConfigurationReference = FAEA7545A18B4D538A596C22 /* Pods-OilSavings.xcconfig */;
			buildSettings = {
				ALWAYS_SEARCH_USER_PATHS = YES;
				ASSETCATALOG_COMPILER_APPICON_NAME = AppIcon;
				ASSETCATALOG_COMPILER_LAUNCHIMAGE_NAME = LaunchImage;
				GCC_PRECOMPILE_PREFIX_HEADER = YES;
				GCC_PREFIX_HEADER = "OilSavings/OilSavings-Prefix.pch";
				INFOPLIST_FILE = "OilSavings/OilSavings-Info.plist";
				PRODUCT_NAME = "$(TARGET_NAME)";
				WRAPPER_EXTENSION = app;
			};
			name = Release;
		};
		A98D08B2192FDC33000DB81D /* Debug */ = {
			isa = XCBuildConfiguration;
			buildSettings = {
				BUNDLE_LOADER = "$(BUILT_PRODUCTS_DIR)/OilSavings.app/OilSavings";
				FRAMEWORK_SEARCH_PATHS = (
					"$(SDKROOT)/Developer/Library/Frameworks",
					"$(inherited)",
					"$(DEVELOPER_FRAMEWORKS_DIR)",
				);
				GCC_PRECOMPILE_PREFIX_HEADER = YES;
				GCC_PREFIX_HEADER = "OilSavings/OilSavings-Prefix.pch";
				GCC_PREPROCESSOR_DEFINITIONS = (
					"DEBUG=1",
					"$(inherited)",
				);
				INFOPLIST_FILE = "OilSavingsTests/OilSavingsTests-Info.plist";
				PRODUCT_NAME = "$(TARGET_NAME)";
				TEST_HOST = "$(BUNDLE_LOADER)";
				WRAPPER_EXTENSION = xctest;
			};
			name = Debug;
		};
		A98D08B3192FDC33000DB81D /* Release */ = {
			isa = XCBuildConfiguration;
			buildSettings = {
				BUNDLE_LOADER = "$(BUILT_PRODUCTS_DIR)/OilSavings.app/OilSavings";
				FRAMEWORK_SEARCH_PATHS = (
					"$(SDKROOT)/Developer/Library/Frameworks",
					"$(inherited)",
					"$(DEVELOPER_FRAMEWORKS_DIR)",
				);
				GCC_PRECOMPILE_PREFIX_HEADER = YES;
				GCC_PREFIX_HEADER = "OilSavings/OilSavings-Prefix.pch";
				INFOPLIST_FILE = "OilSavingsTests/OilSavingsTests-Info.plist";
				PRODUCT_NAME = "$(TARGET_NAME)";
				TEST_HOST = "$(BUNDLE_LOADER)";
				WRAPPER_EXTENSION = xctest;
			};
			name = Release;
		};
/* End XCBuildConfiguration section */

/* Begin XCConfigurationList section */
		A98D086B192FDC33000DB81D /* Build configuration list for PBXProject "OilSavings" */ = {
			isa = XCConfigurationList;
			buildConfigurations = (
				A98D08AC192FDC33000DB81D /* Debug */,
				A98D08AD192FDC33000DB81D /* Release */,
			);
			defaultConfigurationIsVisible = 0;
			defaultConfigurationName = Release;
		};
		A98D08AE192FDC33000DB81D /* Build configuration list for PBXNativeTarget "OilSavings" */ = {
			isa = XCConfigurationList;
			buildConfigurations = (
				A98D08AF192FDC33000DB81D /* Debug */,
				A98D08B0192FDC33000DB81D /* Release */,
			);
			defaultConfigurationIsVisible = 0;
			defaultConfigurationName = Release;
		};
		A98D08B1192FDC33000DB81D /* Build configuration list for PBXNativeTarget "OilSavingsTests" */ = {
			isa = XCConfigurationList;
			buildConfigurations = (
				A98D08B2192FDC33000DB81D /* Debug */,
				A98D08B3192FDC33000DB81D /* Release */,
			);
			defaultConfigurationIsVisible = 0;
			defaultConfigurationName = Release;
		};
/* End XCConfigurationList section */

/* Begin XCVersionGroup section */
		A98D088D192FDC33000DB81D /* OilSavings.xcdatamodeld */ = {
			isa = XCVersionGroup;
			children = (
				A98D088E192FDC33000DB81D /* OilSavings.xcdatamodel */,
			);
			currentVersion = A98D088E192FDC33000DB81D /* OilSavings.xcdatamodel */;
			path = OilSavings.xcdatamodeld;
			sourceTree = "<group>";
			versionGroupType = wrapper.xcdatamodel;
		};
/* End XCVersionGroup section */
	};
	rootObject = A98D0868192FDC33000DB81D /* Project object */;
}
